
Microsoft Visual Studio Solution File, Format Version 12.00
# Visual Studio Version 17
VisualStudioVersion = 17.0.32014.148
MinimumVisualStudioVersion = 10.0.40219.1
Project("{FAE04EC0-301F-11D3-BF4B-00C04F79EFBC}") = "Diplom", "Diplom\Diplom.csproj", "{38EDAEE2-D805-4B33-B95C-BADE91080B83}"
EndProject
Global
	GlobalSection(SolutionConfigurationPlatforms) = preSolution
		Debug|Any CPU = Debug|Any CPU
		Release|Any CPU = Release|Any CPU
	EndGlobalSection
	GlobalSection(ProjectConfigurationPlatforms) = postSolution
		{38EDAEE2-D805-4B33-B95C-BADE91080B83}.Debug|Any CPU.ActiveCfg = Debug|Any CPU
		{38EDAEE2-D805-4B33-B95C-BADE91080B83}.Debug|Any CPU.Build.0 = Debug|Any CPU
		{38EDAEE2-D805-4B33-B95C-BADE91080B83}.Release|Any CPU.ActiveCfg = Release|Any CPU
		{38EDAEE2-D805-4B33-B95C-BADE91080B83}.Release|Any CPU.Build.0 = Release|Any CPU
	EndGlobalSection
	GlobalSection(SolutionProperties) = preSolution
		HideSolutionNode = FALSE
	EndGlobalSection
	GlobalSection(ExtensibilityGlobals) = postSolution
		SolutionGuid = {36C7E7BF-64B8-4876-A468-EF6AD006F782}
	EndGlobalSection
EndGlobal
